
Microsoft Visual Studio Solution File, Format Version 12.00
# Visual Studio Version 16
VisualStudioVersion = 16.0.31205.134
MinimumVisualStudioVersion = 10.0.40219.1
Project("{FAE04EC0-301F-11D3-BF4B-00C04F79EFBC}") = "MoodAnalyser", "MoodAnalyser\MoodAnalyser.csproj", "{C4B42073-7206-459F-8985-B874F88257C6}"
EndProject
Project("{FAE04EC0-301F-11D3-BF4B-00C04F79EFBC}") = "MoodAnalyserTest", "MoodAnalyserTest\MoodAnalyserTest.csproj", "{D92DEC0C-CAF6-48EE-AD94-0C10857DB030}"
EndProject
Global
	GlobalSection(SolutionConfigurationPlatforms) = preSolution
		Debug|Any CPU = Debug|Any CPU
		Release|Any CPU = Release|Any CPU
	EndGlobalSection
	GlobalSection(ProjectConfigurationPlatforms) = postSolution
		{C4B42073-7206-459F-8985-B874F88257C6}.Debug|Any CPU.ActiveCfg = Debug|Any CPU
		{C4B42073-7206-459F-8985-B874F88257C6}.Debug|Any CPU.Build.0 = Debug|Any CPU
		{C4B42073-7206-459F-8985-B874F88257C6}.Release|Any CPU.ActiveCfg = Release|Any CPU
		{C4B42073-7206-459F-8985-B874F88257C6}.Release|Any CPU.Build.0 = Release|Any CPU
		{D92DEC0C-CAF6-48EE-AD94-0C10857DB030}.Debug|Any CPU.ActiveCfg = Debug|Any CPU
		{D92DEC0C-CAF6-48EE-AD94-0C10857DB030}.Debug|Any CPU.Build.0 = Debug|Any CPU
		{D92DEC0C-CAF6-48EE-AD94-0C10857DB030}.Release|Any CPU.ActiveCfg = Release|Any CPU
		{D92DEC0C-CAF6-48EE-AD94-0C10857DB030}.Release|Any CPU.Build.0 = Release|Any CPU
	EndGlobalSection
	GlobalSection(SolutionProperties) = preSolution
		HideSolutionNode = FALSE
	EndGlobalSection
	GlobalSection(ExtensibilityGlobals) = postSolution
		SolutionGuid = {7AD83D99-F7E8-4712-A2B6-4EE93F846A3C}
	EndGlobalSection
EndGlobal
